PODS:
  - Flutter (1.0.0)
  - flutter_pangea (0.0.1):
    - Flutter

DEPENDENCIES:
  - Flutter (from `Flutter`)
  - flutter_pangea (from `.symlinks/plugins/flutter_pangea/ios`)

EXTERNAL SOURCES:
  Flutter:
    :path: Flutter
  flutter_pangea:
    :path: ".symlinks/plugins/flutter_pangea/ios"

SPEC CHECKSUMS:
  Flutter: 0e3d915762c693b495b44d77113d4970485de6ec
  flutter_pangea: 116a8f706f2c8c680c1c14c68f648a7d6cbc016b

PODFILE CHECKSUM: aafe91acc616949ddb318b77800a7f51bffa2a4c

COCOAPODS: 1.10.0.rc.1
